
Microsoft Visual Studio Solution File, Format Version 12.00
# Visual Studio 15
VisualStudioVersion = 15.0.28307.1705
MinimumVisualStudioVersion = 10.0.40219.1
Project("{8BC9CEB8-8B4A-11D0-8D11-00A0C91BC942}") = "Lab1_Zad2", "Lab1_Zad2\Lab1_Zad2.vcxproj", "{AA0550CA-90F0-4373-AD9D-FB2933F33C0B}"
EndProject
Global
	GlobalSection(SolutionConfigurationPlatforms) = preSolution
		Debug|x64 = Debug|x64
		Debug|x86 = Debug|x86
		Release|x64 = Release|x64
		Release|x86 = Release|x86
	EndGlobalSection
	GlobalSection(ProjectConfigurationPlatforms) = postSolution
		{AA0550CA-90F0-4373-AD9D-FB2933F33C0B}.Debug|x64.ActiveCfg = Debug|x64
		{AA0550CA-90F0-4373-AD9D-FB2933F33C0B}.Debug|x64.Build.0 = Debug|x64
		{AA0550CA-90F0-4373-AD9D-FB2933F33C0B}.Debug|x86.ActiveCfg = Debug|Win32
		{AA0550CA-90F0-4373-AD9D-FB2933F33C0B}.Debug|x86.Build.0 = Debug|Win32
		{AA0550CA-90F0-4373-AD9D-FB2933F33C0B}.Release|x64.ActiveCfg = Release|x64
		{AA0550CA-90F0-4373-AD9D-FB2933F33C0B}.Release|x64.Build.0 = Release|x64
		{AA0550CA-90F0-4373-AD9D-FB2933F33C0B}.Release|x86.ActiveCfg = Release|Win32
		{AA0550CA-90F0-4373-AD9D-FB2933F33C0B}.Release|x86.Build.0 = Release|Win32
	EndGlobalSection
	GlobalSection(SolutionProperties) = preSolution
		HideSolutionNode = FALSE
	EndGlobalSection
	GlobalSection(ExtensibilityGlobals) = postSolution
		SolutionGuid = {C1BA2A4C-A97E-44DD-94B8-9EADA54C41DB}
	EndGlobalSection
EndGlobal
